
Microsoft Visual Studio Solution File, Format Version 12.00
# Visual Studio Version 17
VisualStudioVersion = 17.4.33122.133
MinimumVisualStudioVersion = 10.0.40219.1
Project("{2150E333-8FDC-42A3-9474-1A3956D46DE8}") = "src", "src", "{95BD2DF1-098C-4E75-A38B-CD31C72ADF4E}"
EndProject
Project("{2150E333-8FDC-42A3-9474-1A3956D46DE8}") = "Api", "Api", "{40E24FD5-984B-42E5-9E65-EE77D58FEDA4}"
EndProject
Project("{2150E333-8FDC-42A3-9474-1A3956D46DE8}") = "Clients", "Clients", "{D068F7D1-33D1-42C7-8B95-D2A64CA04F42}"
EndProject
Project("{2150E333-8FDC-42A3-9474-1A3956D46DE8}") = "Projections", "Projections", "{463DE98A-184A-46AF-A8E7-01B315E58A39}"
EndProject
Project("{2150E333-8FDC-42A3-9474-1A3956D46DE8}") = "Core", "Core", "{016AF40C-05AC-4C0A-BDD3-1050EA37BA60}"
EndProject
Project("{2150E333-8FDC-42A3-9474-1A3956D46DE8}") = "Infrastructure", "Infrastructure", "{85826EBA-9239-4C2B-A53A-5C16840DB023}"
EndProject
Project("{2150E333-8FDC-42A3-9474-1A3956D46DE8}") = "WebApi", "WebApi", "{F8964B8D-0059-4FA2-AEA4-70696E13C91F}"
EndProject
Project("{2150E333-8FDC-42A3-9474-1A3956D46DE8}") = "BlazorWeb", "BlazorWeb", "{55CE6691-8EB0-492F-8DAC-38962F292F41}"
EndProject
Project("{2150E333-8FDC-42A3-9474-1A3956D46DE8}") = "Common", "Common", "{D1727D1B-F29D-473E-99C4-8241DF89AE8D}"
EndProject
Project("{FAE04EC0-301F-11D3-BF4B-00C04F79EFBC}") = "EksiSozlukClone.Common", "src\Common\EksiSozlukClone.Common\EksiSozlukClone.Common.csproj", "{1BC7178D-44EA-42B7-94B9-06E31FAFF6A4}"
EndProject
Project("{FAE04EC0-301F-11D3-BF4B-00C04F79EFBC}") = "EksiSozlukClone.Domain", "src\Api\Core\EksiSozlukClone.Domain\EksiSozlukClone.Domain.csproj", "{E2228630-4027-417D-BDBB-4956D84AAFCA}"
EndProject
Project("{FAE04EC0-301F-11D3-BF4B-00C04F79EFBC}") = "EksiSozlukClone.Application", "src\Api\Core\EksiSozlukClone.Application\EksiSozlukClone.Application.csproj", "{E3E1782A-8E06-4B33-8669-5F88ABB9D324}"
EndProject
Project("{FAE04EC0-301F-11D3-BF4B-00C04F79EFBC}") = "EksizSozlukClone.Persistence", "src\Api\Infrastructure\EksizSozlukClone.Persistence\EksizSozlukClone.Persistence.csproj", "{AD2ACC95-0819-42D5-BDBC-121009B08ECC}"
EndProject
Project("{FAE04EC0-301F-11D3-BF4B-00C04F79EFBC}") = "EksiSozlukClone.Api.WebAPI", "src\Api\WebApi\EksiSozlukClone.Api.WebAPI\EksiSozlukClone.Api.WebAPI.csproj", "{24174889-35E7-4B82-BD21-00084EC79AD4}"
EndProject
Project("{FAE04EC0-301F-11D3-BF4B-00C04F79EFBC}") = "EksiSozlukClone.Projections.FavoriteService", "src\Projections\EksiSozlukClone.Projections.FavoriteService\EksiSozlukClone.Projections.FavoriteService.csproj", "{573751B1-A173-4958-8794-ED15CB2C8C92}"
EndProject
Global
	GlobalSection(SolutionConfigurationPlatforms) = preSolution
		Debug|Any CPU = Debug|Any CPU
		Release|Any CPU = Release|Any CPU
	EndGlobalSection
	GlobalSection(ProjectConfigurationPlatforms) = postSolution
		{1BC7178D-44EA-42B7-94B9-06E31FAFF6A4}.Debug|Any CPU.ActiveCfg = Debug|Any CPU
		{1BC7178D-44EA-42B7-94B9-06E31FAFF6A4}.Debug|Any CPU.Build.0 = Debug|Any CPU
		{1BC7178D-44EA-42B7-94B9-06E31FAFF6A4}.Release|Any CPU.ActiveCfg = Release|Any CPU
		{1BC7178D-44EA-42B7-94B9-06E31FAFF6A4}.Release|Any CPU.Build.0 = Release|Any CPU
		{E2228630-4027-417D-BDBB-4956D84AAFCA}.Debug|Any CPU.ActiveCfg = Debug|Any CPU
		{E2228630-4027-417D-BDBB-4956D84AAFCA}.Debug|Any CPU.Build.0 = Debug|Any CPU
		{E2228630-4027-417D-BDBB-4956D84AAFCA}.Release|Any CPU.ActiveCfg = Release|Any CPU
		{E2228630-4027-417D-BDBB-4956D84AAFCA}.Release|Any CPU.Build.0 = Release|Any CPU
		{E3E1782A-8E06-4B33-8669-5F88ABB9D324}.Debug|Any CPU.ActiveCfg = Debug|Any CPU
		{E3E1782A-8E06-4B33-8669-5F88ABB9D324}.Debug|Any CPU.Build.0 = Debug|Any CPU
		{E3E1782A-8E06-4B33-8669-5F88ABB9D324}.Release|Any CPU.ActiveCfg = Release|Any CPU
		{E3E1782A-8E06-4B33-8669-5F88ABB9D324}.Release|Any CPU.Build.0 = Release|Any CPU
		{AD2ACC95-0819-42D5-BDBC-121009B08ECC}.Debug|Any CPU.ActiveCfg = Debug|Any CPU
		{AD2ACC95-0819-42D5-BDBC-121009B08ECC}.Debug|Any CPU.Build.0 = Debug|Any CPU
		{AD2ACC95-0819-42D5-BDBC-121009B08ECC}.Release|Any CPU.ActiveCfg = Release|Any CPU
		{AD2ACC95-0819-42D5-BDBC-121009B08ECC}.Release|Any CPU.Build.0 = Release|Any CPU
		{24174889-35E7-4B82-BD21-00084EC79AD4}.Debug|Any CPU.ActiveCfg = Debug|Any CPU
		{24174889-35E7-4B82-BD21-00084EC79AD4}.Debug|Any CPU.Build.0 = Debug|Any CPU
		{24174889-35E7-4B82-BD21-00084EC79AD4}.Release|Any CPU.ActiveCfg = Release|Any CPU
		{24174889-35E7-4B82-BD21-00084EC79AD4}.Release|Any CPU.Build.0 = Release|Any CPU
		{573751B1-A173-4958-8794-ED15CB2C8C92}.Debug|Any CPU.ActiveCfg = Debug|Any CPU
		{573751B1-A173-4958-8794-ED15CB2C8C92}.Debug|Any CPU.Build.0 = Debug|Any CPU
		{573751B1-A173-4958-8794-ED15CB2C8C92}.Release|Any CPU.ActiveCfg = Release|Any CPU
		{573751B1-A173-4958-8794-ED15CB2C8C92}.Release|Any CPU.Build.0 = Release|Any CPU
	EndGlobalSection
	GlobalSection(SolutionProperties) = preSolution
		HideSolutionNode = FALSE
	EndGlobalSection
	GlobalSection(NestedProjects) = preSolution
		{40E24FD5-984B-42E5-9E65-EE77D58FEDA4} = {95BD2DF1-098C-4E75-A38B-CD31C72ADF4E}
		{D068F7D1-33D1-42C7-8B95-D2A64CA04F42} = {95BD2DF1-098C-4E75-A38B-CD31C72ADF4E}
		{463DE98A-184A-46AF-A8E7-01B315E58A39} = {95BD2DF1-098C-4E75-A38B-CD31C72ADF4E}
		{016AF40C-05AC-4C0A-BDD3-1050EA37BA60} = {40E24FD5-984B-42E5-9E65-EE77D58FEDA4}
		{85826EBA-9239-4C2B-A53A-5C16840DB023} = {40E24FD5-984B-42E5-9E65-EE77D58FEDA4}
		{F8964B8D-0059-4FA2-AEA4-70696E13C91F} = {40E24FD5-984B-42E5-9E65-EE77D58FEDA4}
		{55CE6691-8EB0-492F-8DAC-38962F292F41} = {D068F7D1-33D1-42C7-8B95-D2A64CA04F42}
		{D1727D1B-F29D-473E-99C4-8241DF89AE8D} = {95BD2DF1-098C-4E75-A38B-CD31C72ADF4E}
		{1BC7178D-44EA-42B7-94B9-06E31FAFF6A4} = {D1727D1B-F29D-473E-99C4-8241DF89AE8D}
		{E2228630-4027-417D-BDBB-4956D84AAFCA} = {016AF40C-05AC-4C0A-BDD3-1050EA37BA60}
		{E3E1782A-8E06-4B33-8669-5F88ABB9D324} = {016AF40C-05AC-4C0A-BDD3-1050EA37BA60}
		{AD2ACC95-0819-42D5-BDBC-121009B08ECC} = {85826EBA-9239-4C2B-A53A-5C16840DB023}
		{24174889-35E7-4B82-BD21-00084EC79AD4} = {F8964B8D-0059-4FA2-AEA4-70696E13C91F}
		{573751B1-A173-4958-8794-ED15CB2C8C92} = {463DE98A-184A-46AF-A8E7-01B315E58A39}
	EndGlobalSection
	GlobalSection(ExtensibilityGlobals) = postSolution
		SolutionGuid = {0E78A485-52F3-472B-BCFF-4BA91B5C484B}
	EndGlobalSection
EndGlobal
